
Microsoft Visual Studio Solution File, Format Version 12.00
# Visual Studio Version 16
VisualStudioVersion = 16.0.31313.79
MinimumVisualStudioVersion = 10.0.40219.1
Project("{2150E333-8FDC-42A3-9474-1A3956D46DE8}") = "Zadanie_1", "Zadanie_1", "{CA4DF069-FF49-470B-A39E-D86C8055000B}"
EndProject
Project("{FAE04EC0-301F-11D3-BF4B-00C04F79EFBC}") = "PDFReader", "PDFReader\PDFReader.csproj", "{23EC2F8A-BB03-4DFB-9249-CDFC1DCD9E8E}"
EndProject
Global
	GlobalSection(SolutionConfigurationPlatforms) = preSolution
		Debug|Any CPU = Debug|Any CPU
		Release|Any CPU = Release|Any CPU
	EndGlobalSection
	GlobalSection(ProjectConfigurationPlatforms) = postSolution
		{23EC2F8A-BB03-4DFB-9249-CDFC1DCD9E8E}.Debug|Any CPU.ActiveCfg = Debug|Any CPU
		{23EC2F8A-BB03-4DFB-9249-CDFC1DCD9E8E}.Debug|Any CPU.Build.0 = Debug|Any CPU
		{23EC2F8A-BB03-4DFB-9249-CDFC1DCD9E8E}.Release|Any CPU.ActiveCfg = Release|Any CPU
		{23EC2F8A-BB03-4DFB-9249-CDFC1DCD9E8E}.Release|Any CPU.Build.0 = Release|Any CPU
	EndGlobalSection
	GlobalSection(SolutionProperties) = preSolution
		HideSolutionNode = FALSE
	EndGlobalSection
	GlobalSection(NestedProjects) = preSolution
		{23EC2F8A-BB03-4DFB-9249-CDFC1DCD9E8E} = {CA4DF069-FF49-470B-A39E-D86C8055000B}
	EndGlobalSection
	GlobalSection(ExtensibilityGlobals) = postSolution
		SolutionGuid = {9332957C-C19A-45DF-8D9E-6550FBB86B84}
	EndGlobalSection
EndGlobal
